// !$*UTF8*$!
{
	archiveVersion = 1;
	classes = {
	};
	objectVersion = 48;
	objects = {

/* Begin PBXBuildFile section */
		CB4778A420074E2000AEE4D0 /* AppDelegate.m in Sources */ = {isa = PBXBuildFile; fileRef = CB4778A320074E2000AEE4D0 /* AppDelegate.m */; };
		CB4778A720074E2000AEE4D0 /* ViewController.m in Sources */ = {isa = PBXBuildFile; fileRef = CB4778A620074E2000AEE4D0 /* ViewController.m */; };
		CB4778AC20074E2000AEE4D0 /* Assets.xcassets in Resources */ = {isa = PBXBuildFile; fileRef = CB4778AB20074E2000AEE4D0 /* Assets.xcassets */; };
		CB4778AF20074E2000AEE4D0 /* LaunchScreen.storyboard in Resources */ = {isa = PBXBuildFile; fileRef = CB4778AD20074E2000AEE4D0 /* LaunchScreen.storyboard */; };
		CB4778B220074E2000AEE4D0 /* main.m in Sources */ = {isa = PBXBuildFile; fileRef = CB4778B120074E2000AEE4D0 /* main.m */; };
		CB4778BA2007500400AEE4D0 /* WXPanSecritryView.m in Sources */ = {isa = PBXBuildFile; fileRef = CB4778B92007500400AEE4D0 /* WXPanSecritryView.m */; };
/* End PBXBuildFile section */

/* Begin PBXFileReference section */
		CB47789F20074E2000AEE4D0 /* 手势滑动解锁.app */ = {isa = PBXFileReference; explicitFileType = wrapper.application; includeInIndex = 0; path = "手势滑动解锁.app"; sourceTree = BUILT_PRODUCTS_DIR; };
		CB4778A220074E2000AEE4D0 /* AppDelegate.h */ = {isa = PBXFileReference; lastKnownFileType = sourcecode.c.h; path = AppDelegate.h; sourceTree = "<group>"; };
		CB4778A320074E2000AEE4D0 /* AppDelegate.m */ = {isa = PBXFileReference; lastKnownFileType = sourcecode.c.objc; path = AppDelegate.m; sourceTree = "<group>"; };
		CB4778A520074E2000AEE4D0 /* ViewController.h */ = {isa = PBXFileReference; lastKnownFileType = sourcecode.c.h; path = ViewController.h; sourceTree = "<group>"; };
		CB4778A620074E2000AEE4D0 /* ViewController.m */ = {isa = PBXFileReference; lastKnownFileType = sourcecode.c.objc; path = ViewController.m; sourceTree = "<group>"; };
		CB4778AB20074E2000AEE4D0 /* Assets.xcassets */ = {isa = PBXFileReference; lastKnownFileType = folder.assetcatalog; path = Assets.xcassets; sourceTree = "<group>"; };
		CB4778AE20074E2000AEE4D0 /* Base */ = {isa = PBXFileReference; lastKnownFileType = file.storyboard; name = Base; path = Base.lproj/LaunchScreen.storyboard; sourceTree = "<group>"; };
		CB4778B020074E2000AEE4D0 /* Info.plist */ = {isa = PBXFileReference; lastKnownFileType = text.plist.xml; path = Info.plist; sourceTree = "<group>"; };
		CB4778B120074E2000AEE4D0 /* main.m */ = {isa = PBXFileReference; lastKnownFileType = sourcecode.c.objc; path = main.m; sourceTree = "<group>"; };
		CB4778B82007500400AEE4D0 /* WXPanSecritryView.h */ = {isa = PBXFileReference; lastKnownFileType = sourcecode.c.h; path = WXPanSecritryView.h; sourceTree = "<group>"; };
		CB4778B92007500400AEE4D0 /* WXPanSecritryView.m */ = {isa = PBXFileReference; lastKnownFileType = sourcecode.c.objc; path = WXPanSecritryView.m; sourceTree = "<group>"; };
/* End PBXFileReference section */

/* Begin PBXFrameworksBuildPhase section */
		CB47789C20074E2000AEE4D0 /* Frameworks */ = {
			isa = PBXFrameworksBuildPhase;
			buildActionMask = 2147483647;
			files = (
			);
			runOnlyForDeploymentPostprocessing = 0;
		};
/* End PBXFrameworksBuildPhase section */

/* Begin PBXGroup section */
		CB47789620074E2000AEE4D0 = {
			isa = PBXGroup;
			children = (
				CB4778A120074E2000AEE4D0 /* 手势滑动解锁 */,
				CB4778A020074E2000AEE4D0 /* Products */,
			);
			sourceTree = "<group>";
		};
		CB4778A020074E2000AEE4D0 /* Products */ = {
			isa = PBXGroup;
			children = (
				CB47789F20074E2000AEE4D0 /* 手势滑动解锁.app */,
			);
			name = Products;
			sourceTree = "<group>";
		};
		CB4778A120074E2000AEE4D0 /* 手势滑动解锁 */ = {
			isa = PBXGroup;
			children = (
				CB4778A220074E2000AEE4D0 /* AppDelegate.h */,
				CB4778A320074E2000AEE4D0 /* AppDelegate.m */,
				CB4778A520074E2000AEE4D0 /* ViewController.h */,
				CB4778A620074E2000AEE4D0 /* ViewController.m */,
				CB4778B82007500400AEE4D0 /* WXPanSecritryView.h */,
				CB4778B92007500400AEE4D0 /* WXPanSecritryView.m */,
				CB4778AB20074E2000AEE4D0 /* Assets.xcassets */,
				CB4778AD20074E2000AEE4D0 /* LaunchScreen.storyboard */,
				CB4778B020074E2000AEE4D0 /* Info.plist */,
				CB4778B120074E2000AEE4D0 /* main.m */,
			);
			path = "手势滑动解锁";
			sourceTree = "<group>";
		};
/* End PBXGroup section */

/* Begin PBXNativeTarget section */
		CB47789E20074E2000AEE4D0 /* 手势滑动解锁 */ = {
			isa = PBXNativeTarget;
			buildConfigurationList = CB4778B520074E2000AEE4D0 /* Build configuration list for PBXNativeTarget "手势滑动解锁" */;
			buildPhases = (
				CB47789B20074E2000AEE4D0 /* Sources */,
				CB47789C20074E2000AEE4D0 /* Frameworks */,
				CB47789D20074E2000AEE4D0 /* Resources */,
			);
			buildRules = (
			);
			dependencies = (
			);
			name = "手势滑动解锁";
			productName = "手势滑动解锁";
			productReference = CB47789F20074E2000AEE4D0 /* 手势滑动解锁.app */;
			productType = "com.apple.product-type.application";
		};
/* End PBXNativeTarget section */

/* Begin PBXProject section */
		CB47789720074E2000AEE4D0 /* Project object */ = {
			isa = PBXProject;
			attributes = {
				LastUpgradeCheck = 0900;
				ORGANIZATIONNAME = WX;
				TargetAttributes = {
					CB47789E20074E2000AEE4D0 = {
						CreatedOnToolsVersion = 9.0.1;
						ProvisioningStyle = Automatic;
					};
				};
			};
			buildConfigurationList = CB47789A20074E2000AEE4D0 /* Build configuration list for PBXProject "手势滑动解锁" */;
			compatibilityVersion = "Xcode 8.0";
			developmentRegion = en;
			hasScannedForEncodings = 0;
			knownRegions = (
				en,
				Base,
			);
			mainGroup = CB47789620074E2000AEE4D0;
			productRefGroup = CB4778A020074E2000AEE4D0 /* Products */;
			projectDirPath = "";
			projectRoot = "";
			targets = (
				CB47789E20074E2000AEE4D0 /* 手势滑动解锁 */,
			);
		};
/* End PBXProject section */

/* Begin PBXResourcesBuildPhase section */
		CB47789D20074E2000AEE4D0 /* Resources */ = {
			isa = PBXResourcesBuildPhase;
			buildActionMask = 2147483647;
			files = (
				CB4778AF20074E2000AEE4D0 /* LaunchScreen.storyboard in Resources */,
				CB4778AC20074E2000AEE4D0 /* Assets.xcassets in Resources */,
			);
			runOnlyForDeploymentPostprocessing = 0;
		};
/* End PBXResourcesBuildPhase section */

/* Begin PBXSourcesBuildPhase section */
		CB47789B20074E2000AEE4D0 /* Sources */ = {
			isa = PBXSourcesBuildPhase;
			buildActionMask = 2147483647;
			files = (
				CB4778BA2007500400AEE4D0 /* WXPanSecritryView.m in Sources */,
				CB4778A720074E2000AEE4D0 /* ViewController.m in Sources */,
				CB4778B220074E2000AEE4D0 /* main.m in Sources */,
				CB4778A420074E2000AEE4D0 /* AppDelegate.m in Sources */,
			);
			runOnlyForDeploymentPostprocessing = 0;
		};
/* End PBXSourcesBuildPhase section */

/* Begin PBXVariantGroup section */
		CB4778AD20074E2000AEE4D0 /* LaunchScreen.storyboard */ = {
			isa = PBXVariantGroup;
			children = (
				CB4778AE20074E2000AEE4D0 /* Base */,
			);
			name = LaunchScreen.storyboard;
			sourceTree = "<group>";
		};
/* End PBXVariantGroup section */

/* Begin XCBuildConfiguration section */
		CB4778B320074E2000AEE4D0 /* Debug */ = {
			isa = XCBuildConfiguration;
			buildSettings = {
				ALWAYS_SEARCH_USER_PATHS = NO;
				CLANG_ANALYZER_NONNULL = YES;
				CLANG_ANALYZER_NUMBER_OBJECT_CONVERSION = YES_AGGRESSIVE;
				CLANG_CXX_LANGUAGE_STANDARD = "gnu++14";
				CLANG_CXX_LIBRARY = "libc++";
				CLANG_ENABLE_MODULES = YES;
				CLANG_ENABLE_OBJC_ARC = YES;
				CLANG_WARN_BLOCK_CAPTURE_AUTORELEASING = YES;
				CLANG_WARN_BOOL_CONVERSION = YES;
				CLANG_WARN_COMMA = YES;
				CLANG_WARN_CONSTANT_CONVERSION = YES;
				CLANG_WARN_DIRECT_OBJC_ISA_USAGE = YES_ERROR;
				CLANG_WARN_DOCUMENTATION_COMMENTS = YES;
				CLANG_WARN_EMPTY_BODY = YES;
				CLANG_WARN_ENUM_CONVERSION = YES;
				CLANG_WARN_INFINITE_RECURSION = YES;
				CLANG_WARN_INT_CONVERSION = YES;
				CLANG_WARN_NON_LITERAL_NULL_CONVERSION = YES;
				CLANG_WARN_OBJC_LITERAL_CONVERSION = YES;
				CLANG_WARN_OBJC_ROOT_CLASS = YES_ERROR;
				CLANG_WARN_RANGE_LOOP_ANALYSIS = YES;
				CLANG_WARN_STRICT_PROTOTYPES = YES;
				CLANG_WARN_SUSPICIOUS_MOVE = YES;
				CLANG_WARN_UNGUARDED_AVAILABILITY = YES_AGGRESSIVE;
				CLANG_WARN_UNREACHABLE_CODE = YES;
				CLANG_WARN__DUPLICATE_METHOD_MATCH = YES;
				CODE_SIGN_IDENTITY = "iPhone Developer";
				COPY_PHASE_STRIP = NO;
				DEBUG_INFORMATION_FORMAT = dwarf;
				ENABLE_STRICT_OBJC_MSGSEND = YES;
				ENABLE_TESTABILITY = YES;
				GCC_C_LANGUAGE_STANDARD = gnu11;
				GCC_DYNAMIC_NO_PIC = NO;
				GCC_NO_COMMON_BLOCKS = YES;
				GCC_OPTIMIZATION_LEVEL = 0;
				GCC_PREPROCESSOR_DEFINITIONS = (
					"DEBUG=1",
					"$(inherited)",
				);
				GCC_WARN_64_TO_32_BIT_CONVERSION = YES;
				GCC_WARN_ABOUT_RETURN_TYPE = YES_ERROR;
				GCC_WARN_UNDECLARED_SELECTOR = YES;
				GCC_WARN_UNINITIALIZED_AUTOS = YES_AGGRESSIVE;
				GCC_WARN_UNUSED_FUNCTION = YES;
				GCC_WARN_UNUSED_VARIABLE = YES;
				IPHONEOS_DEPLOYMENT_TARGET = 11.0;
				MTL_ENABLE_DEBUG_INFO = YES;
				ONLY_ACTIVE_ARCH = YES;
				SDKROOT = iphoneos;
			};
			name = Debug;
		};
		CB4778B420074E2000AEE4D0 /* Release */ = {
			isa = XCBuildConfiguration;
			buildSettings = {
				ALWAYS_SEARCH_USER_PATHS = NO;
				CLANG_ANALYZER_NONNULL = YES;
				CLANG_ANALYZER_NUMBER_OBJECT_CONVERSION = YES_AGGRESSIVE;
				CLANG_CXX_LANGUAGE_STANDARD = "gnu++14";
				CLANG_CXX_LIBRARY = "libc++";
				CLANG_ENABLE_MODULES = YES;
				CLANG_ENABLE_OBJC_ARC = YES;
				CLANG_WARN_BLOCK_CAPTURE_AUTORELEASING = YES;
				CLANG_WARN_BOOL_CONVERSION = YES;
				CLANG_WARN_COMMA = YES;
				CLANG_WARN_CONSTANT_CONVERSION = YES;
				CLANG_WARN_DIRECT_OBJC_ISA_USAGE = YES_ERROR;
				CLANG_WARN_DOCUMENTATION_COMMENTS = YES;
				CLANG_WARN_EMPTY_BODY = YES;
				CLANG_WARN_ENUM_CONVERSION = YES;
				CLANG_WARN_INFINITE_RECURSION = YES;
				CLANG_WARN_INT_CONVERSION = YES;
				CLANG_WARN_NON_LITERAL_NULL_CONVERSION = YES;
				CLANG_WARN_OBJC_LITERAL_CONVERSION = YES;
				CLANG_WARN_OBJC_ROOT_CLASS = YES_ERROR;
				CLANG_WARN_RANGE_LOOP_ANALYSIS = YES;
				CLANG_WARN_STRICT_PROTOTYPES = YES;
				CLANG_WARN_SUSPICIOUS_MOVE = YES;
				CLANG_WARN_UNGUARDED_AVAILABILITY = YES_AGGRESSIVE;
				CLANG_WARN_UNREACHABLE_CODE = YES;
				CLANG_WARN__DUPLICATE_METHOD_MATCH = YES;
				CODE_SIGN_IDENTITY = "iPhone Developer";
				COPY_PHASE_STRIP = NO;
				DEBUG_INFORMATION_FORMAT = "dwarf-with-dsym";
				ENABLE_NS_ASSERTIONS = NO;
				ENABLE_STRICT_OBJC_MSGSEND = YES;
				GCC_C_LANGUAGE_STANDARD = gnu11;
				GCC_NO_COMMON_BLOCKS = YES;
				GCC_WARN_64_TO_32_BIT_CONVERSION = YES;
				GCC_WARN_ABOUT_RETURN_TYPE = YES_ERROR;
				GCC_WARN_UNDECLARED_SELECTOR = YES;
				GCC_WARN_UNINITIALIZED_AUTOS = YES_AGGRESSIVE;
				GCC_WARN_UNUSED_FUNCTION = YES;
				GCC_WARN_UNUSED_VARIABLE = YES;
				IPHONEOS_DEPLOYMENT_TARGET = 11.0;
				MTL_ENABLE_DEBUG_INFO = NO;
				SDKROOT = iphoneos;
				VALIDATE_PRODUCT = YES;
			};
			name = Release;
		};
		CB4778B620074E2000AEE4D0 /* Debug */ = {
			isa = XCBuildConfiguration;
			buildSettings = {
				ASSETCATALOG_COMPILER_APPICON_NAME = AppIcon;
				CODE_SIGN_STYLE = Automatic;
				DEVELOPMENT_TEAM = V557NTBB93;
				INFOPLIST_FILE = "手势滑动解锁/Info.plist";
				IPHONEOS_DEPLOYMENT_TARGET = 8.0;
				LD_RUNPATH_SEARCH_PATHS = "$(inherited) @executable_path/Frameworks";
				PRODUCT_BUNDLE_IDENTIFIER = com.douples.AFAlanizy;
				PRODUCT_NAME = "$(TARGET_NAME)";
				TARGETED_DEVICE_FAMILY = 1;
			};
			name = Debug;
		};
		CB4778B720074E2000AEE4D0 /* Release */ = {
			isa = XCBuildConfiguration;
			buildSettings = {
				ASSETCATALOG_COMPILER_APPICON_NAME = AppIcon;
				CODE_SIGN_STYLE = Automatic;
				DEVELOPMENT_TEAM = V557NTBB93;
				INFOPLIST_FILE = "手势滑动解锁/Info.plist";
				IPHONEOS_DEPLOYMENT_TARGET = 8.0;
				LD_RUNPATH_SEARCH_PATHS = "$(inherited) @executable_path/Frameworks";
				PRODUCT_BUNDLE_IDENTIFIER = com.douples.AFAlanizy;
				PRODUCT_NAME = "$(TARGET_NAME)";
				TARGETED_DEVICE_FAMILY = 1;
			};
			name = Release;
		};
/* End XCBuildConfiguration section */

/* Begin XCConfigurationList section */
		CB47789A20074E2000AEE4D0 /* Build configuration list for PBXProject "手势滑动解锁" */ = {
			isa = XCConfigurationList;
			buildConfigurations = (
				CB4778B320074E2000AEE4D0 /* Debug */,
				CB4778B420074E2000AEE4D0 /* Release */,
			);
			defaultConfigurationIsVisible = 0;
			defaultConfigurationName = Release;
		};
		CB4778B520074E2000AEE4D0 /* Build configuration list for PBXNativeTarget "手势滑动解锁" */ = {
			isa = XCConfigurationList;
			buildConfigurations = (
				CB4778B620074E2000AEE4D0 /* Debug */,
				CB4778B720074E2000AEE4D0 /* Release */,
			);
			defaultConfigurationIsVisible = 0;
			defaultConfigurationName = Release;
		};
/* End XCConfigurationList section */
	};
	rootObject = CB47789720074E2000AEE4D0 /* Project object */;
}
